
Microsoft Visual Studio Solution File, Format Version 12.00
# Visual Studio Version 17
VisualStudioVersion = 17.1.32414.318
MinimumVisualStudioVersion = 10.0.40219.1
Project("{FAE04EC0-301F-11D3-BF4B-00C04F79EFBC}") = "xadrez_console", "xadrez_console\xadrez_console.csproj", "{DE1418F5-645D-40B1-BB5C-D9F44EAC8C7B}"
EndProject
Global
	GlobalSection(SolutionConfigurationPlatforms) = preSolution
		Debug|Any CPU = Debug|Any CPU
		Release|Any CPU = Release|Any CPU
	EndGlobalSection
	GlobalSection(ProjectConfigurationPlatforms) = postSolution
		{DE1418F5-645D-40B1-BB5C-D9F44EAC8C7B}.Debug|Any CPU.ActiveCfg = Debug|Any CPU
		{DE1418F5-645D-40B1-BB5C-D9F44EAC8C7B}.Debug|Any CPU.Build.0 = Debug|Any CPU
		{DE1418F5-645D-40B1-BB5C-D9F44EAC8C7B}.Release|Any CPU.ActiveCfg = Release|Any CPU
		{DE1418F5-645D-40B1-BB5C-D9F44EAC8C7B}.Release|Any CPU.Build.0 = Release|Any CPU
	EndGlobalSection
	GlobalSection(SolutionProperties) = preSolution
		HideSolutionNode = FALSE
	EndGlobalSection
	GlobalSection(ExtensibilityGlobals) = postSolution
		SolutionGuid = {6875C780-65E6-4E40-9262-5A4E9D69C448}
	EndGlobalSection
EndGlobal
